
Microsoft Visual Studio Solution File, Format Version 12.00
# Visual Studio Version 17
VisualStudioVersion = 17.14.36414.22 d17.14
MinimumVisualStudioVersion = 10.0.40219.1
Project("{FAE04EC0-301F-11D3-BF4B-00C04F79EFBC}") = "OMPS", "OMPS.csproj", "{B56B76F0-1275-4327-9B07-02AF6A02152E}"
EndProject
Global
	GlobalSection(SolutionConfigurationPlatforms) = preSolution
		Debug|Any CPU = Debug|Any CPU
		Release|Any CPU = Release|Any CPU
	EndGlobalSection
	GlobalSection(ProjectConfigurationPlatforms) = postSolution
		{B56B76F0-1275-4327-9B07-02AF6A02152E}.Debug|Any CPU.ActiveCfg = Debug|Any CPU
		{B56B76F0-1275-4327-9B07-02AF6A02152E}.Debug|Any CPU.Build.0 = Debug|Any CPU
		{B56B76F0-1275-4327-9B07-02AF6A02152E}.Release|Any CPU.ActiveCfg = Release|Any CPU
		{B56B76F0-1275-4327-9B07-02AF6A02152E}.Release|Any CPU.Build.0 = Release|Any CPU
	EndGlobalSection
	GlobalSection(SolutionProperties) = preSolution
		HideSolutionNode = FALSE
	EndGlobalSection
	GlobalSection(ExtensibilityGlobals) = postSolution
		SolutionGuid = {3A2E676D-6F6C-47FD-A47E-99D33A3FB6D0}
	EndGlobalSection
EndGlobal
